// !$*UTF8*$!
{
	archiveVersion = 1;
	classes = {
	};
	objectVersion = 51;
	objects = {

/* Begin PBXBuildFile section */
		2F16DEF5236AB8C3009D792D /* AppDelegate.swift in Sources */ = {isa = PBXBuildFile; fileRef = 2F16DEF4236AB8C3009D792D /* AppDelegate.swift */; };
		2F16DEF7236AB8C3009D792D /* SceneDelegate.swift in Sources */ = {isa = PBXBuildFile; fileRef = 2F16DEF6236AB8C3009D792D /* SceneDelegate.swift */; };
		2F16DEFE236AB8C5009D792D /* Assets.xcassets in Resources */ = {isa = PBXBuildFile; fileRef = 2F16DEFD236AB8C5009D792D /* Assets.xcassets */; };
		2F16DF01236AB8C5009D792D /* LaunchScreen.storyboard in Resources */ = {isa = PBXBuildFile; fileRef = 2F16DEFF236AB8C5009D792D /* LaunchScreen.storyboard */; };
		2F16DF0C236AB8C5009D792D /* Qiita_MVVM_SampleTests.swift in Sources */ = {isa = PBXBuildFile; fileRef = 2F16DF0B236AB8C5009D792D /* Qiita_MVVM_SampleTests.swift */; };
		2F16DF17236AB8C5009D792D /* Qiita_MVVM_SampleUITests.swift in Sources */ = {isa = PBXBuildFile; fileRef = 2F16DF16236AB8C5009D792D /* Qiita_MVVM_SampleUITests.swift */; };
		2F16DF25236ABC16009D792D /* TopViewController.storyboard in Resources */ = {isa = PBXBuildFile; fileRef = 2F16DF24236ABC16009D792D /* TopViewController.storyboard */; };
		2F16DF27236ABC3E009D792D /* TopViewController.swift in Sources */ = {isa = PBXBuildFile; fileRef = 2F16DF26236ABC3E009D792D /* TopViewController.swift */; };
		2F16DF2A236ABE66009D792D /* TopViewControllerTableViewCell.swift in Sources */ = {isa = PBXBuildFile; fileRef = 2F16DF28236ABE66009D792D /* TopViewControllerTableViewCell.swift */; };
		2F16DF2B236ABE66009D792D /* TopViewControllerTableViewCell.xib in Resources */ = {isa = PBXBuildFile; fileRef = 2F16DF29236ABE66009D792D /* TopViewControllerTableViewCell.xib */; };
		2F16DF2D236ABF33009D792D /* ArticleViewController.storyboard in Resources */ = {isa = PBXBuildFile; fileRef = 2F16DF2C236ABF33009D792D /* ArticleViewController.storyboard */; };
		2F16DF2F236AC25B009D792D /* QiitaApi.swift in Sources */ = {isa = PBXBuildFile; fileRef = 2F16DF2E236AC25B009D792D /* QiitaApi.swift */; };
		2F42E9CE236BD7BE0036B7B5 /* ArticleViewController.swift in Sources */ = {isa = PBXBuildFile; fileRef = 2F42E9CD236BD7BE0036B7B5 /* ArticleViewController.swift */; };
		2F42E9D0236BDAFF0036B7B5 /* ApiResponse.swift in Sources */ = {isa = PBXBuildFile; fileRef = 2F42E9CF236BDAFF0036B7B5 /* ApiResponse.swift */; };
		2F42E9D2236BDB820036B7B5 /* QiitaRepository.swift in Sources */ = {isa = PBXBuildFile; fileRef = 2F42E9D1236BDB820036B7B5 /* QiitaRepository.swift */; };
		2F491F93236C46760090DCB9 /* TableViewUtil.swift in Sources */ = {isa = PBXBuildFile; fileRef = 2F491F92236C46760090DCB9 /* TableViewUtil.swift */; };
		36E91BC793EF5F81ED464157 /* Pods_Qiita_MVVM_Sample.framework in Frameworks */ = {isa = PBXBuildFile; fileRef = B0BC6C672FBB4709269569E0 /* Pods_Qiita_MVVM_Sample.framework */; };
		B018A4500E880C3E52F61C80 /* Pods_Qiita_MVVM_SampleTests.framework in Frameworks */ = {isa = PBXBuildFile; fileRef = E3735D33BA6F220496DEA248 /* Pods_Qiita_MVVM_SampleTests.framework */; };
		C4F217B6A9DCA6D4CAC7698B /* Pods_Qiita_MVVM_SampleUITests.framework in Frameworks */ = {isa = PBXBuildFile; fileRef = BC2F018EAEF5FA08D44994BD /* Pods_Qiita_MVVM_SampleUITests.framework */; };
/* End PBXBuildFile section */

/* Begin PBXContainerItemProxy section */
		2F16DF08236AB8C5009D792D /* PBXContainerItemProxy */ = {
			isa = PBXContainerItemProxy;
			containerPortal = 2F16DEE9236AB8C3009D792D /* Project object */;
			proxyType = 1;
			remoteGlobalIDString = 2F16DEF0236AB8C3009D792D;
			remoteInfo = Qiita_MVVM_Sample;
		};
		2F16DF13236AB8C5009D792D /* PBXContainerItemProxy */ = {
			isa = PBXContainerItemProxy;
			containerPortal = 2F16DEE9236AB8C3009D792D /* Project object */;
			proxyType = 1;
			remoteGlobalIDString = 2F16DEF0236AB8C3009D792D;
			remoteInfo = Qiita_MVVM_Sample;
		};
/* End PBXContainerItemProxy section */

/* Begin PBXFileReference section */
		22BCF42829ED235C0B811F45 /* Pods-Qiita_MVVM_Sample.debug.xcconfig */ = {isa = PBXFileReference; includeInIndex = 1; lastKnownFileType = text.xcconfig; name = "Pods-Qiita_MVVM_Sample.debug.xcconfig"; path = "Target Support Files/Pods-Qiita_MVVM_Sample/Pods-Qiita_MVVM_Sample.debug.xcconfig"; sourceTree = "<group>"; };
		2F16DEF1236AB8C3009D792D /* Qiita_MVVM_Sample.app */ = {isa = PBXFileReference; explicitFileType = wrapper.application; includeInIndex = 0; path = Qiita_MVVM_Sample.app; sourceTree = BUILT_PRODUCTS_DIR; };
		2F16DEF4236AB8C3009D792D /* AppDelegate.swift */ = {isa = PBXFileReference; lastKnownFileType = sourcecode.swift; path = AppDelegate.swift; sourceTree = "<group>"; };
		2F16DEF6236AB8C3009D792D /* SceneDelegate.swift */ = {isa = PBXFileReference; lastKnownFileType = sourcecode.swift; path = SceneDelegate.swift; sourceTree = "<group>"; };
		2F16DEFD236AB8C5009D792D /* Assets.xcassets */ = {isa = PBXFileReference; lastKnownFileType = folder.assetcatalog; path = Assets.xcassets; sourceTree = "<group>"; };
		2F16DF00236AB8C5009D792D /* Base */ = {isa = PBXFileReference; lastKnownFileType = file.storyboard; name = Base; path = Base.lproj/LaunchScreen.storyboard; sourceTree = "<group>"; };
		2F16DF02236AB8C5009D792D /* Info.plist */ = {isa = PBXFileReference; lastKnownFileType = text.plist.xml; path = Info.plist; sourceTree = "<group>"; };
		2F16DF07236AB8C5009D792D /* Qiita_MVVM_SampleTests.xctest */ = {isa = PBXFileReference; explicitFileType = wrapper.cfbundle; includeInIndex = 0; path = Qiita_MVVM_SampleTests.xctest; sourceTree = BUILT_PRODUCTS_DIR; };
		2F16DF0B236AB8C5009D792D /* Qiita_MVVM_SampleTests.swift */ = {isa = PBXFileReference; lastKnownFileType = sourcecode.swift; path = Qiita_MVVM_SampleTests.swift; sourceTree = "<group>"; };
		2F16DF0D236AB8C5009D792D /* Info.plist */ = {isa = PBXFileReference; lastKnownFileType = text.plist.xml; path = Info.plist; sourceTree = "<group>"; };
		2F16DF12236AB8C5009D792D /* Qiita_MVVM_SampleUITests.xctest */ = {isa = PBXFileReference; explicitFileType = wrapper.cfbundle; includeInIndex = 0; path = Qiita_MVVM_SampleUITests.xctest; sourceTree = BUILT_PRODUCTS_DIR; };
		2F16DF16236AB8C5009D792D /* Qiita_MVVM_SampleUITests.swift */ = {isa = PBXFileReference; lastKnownFileType = sourcecode.swift; path = Qiita_MVVM_SampleUITests.swift; sourceTree = "<group>"; };
		2F16DF18236AB8C5009D792D /* Info.plist */ = {isa = PBXFileReference; lastKnownFileType = text.plist.xml; path = Info.plist; sourceTree = "<group>"; };
		2F16DF24236ABC16009D792D /* TopViewController.storyboard */ = {isa = PBXFileReference; lastKnownFileType = file.storyboard; path = TopViewController.storyboard; sourceTree = "<group>"; };
		2F16DF26236ABC3E009D792D /* TopViewController.swift */ = {isa = PBXFileReference; lastKnownFileType = sourcecode.swift; path = TopViewController.swift; sourceTree = "<group>"; };
		2F16DF28236ABE66009D792D /* TopViewControllerTableViewCell.swift */ = {isa = PBXFileReference; lastKnownFileType = sourcecode.swift; path = TopViewControllerTableViewCell.swift; sourceTree = "<group>"; };
		2F16DF29236ABE66009D792D /* TopViewControllerTableViewCell.xib */ = {isa = PBXFileReference; lastKnownFileType = file.xib; path = TopViewControllerTableViewCell.xib; sourceTree = "<group>"; };
		2F16DF2C236ABF33009D792D /* ArticleViewController.storyboard */ = {isa = PBXFileReference; lastKnownFileType = file.storyboard; path = ArticleViewController.storyboard; sourceTree = "<group>"; };
		2F16DF2E236AC25B009D792D /* QiitaApi.swift */ = {isa = PBXFileReference; lastKnownFileType = sourcecode.swift; path = QiitaApi.swift; sourceTree = "<group>"; };
		2F42E9CD236BD7BE0036B7B5 /* ArticleViewController.swift */ = {isa = PBXFileReference; lastKnownFileType = sourcecode.swift; path = ArticleViewController.swift; sourceTree = "<group>"; };
		2F42E9CF236BDAFF0036B7B5 /* ApiResponse.swift */ = {isa = PBXFileReference; lastKnownFileType = sourcecode.swift; path = ApiResponse.swift; sourceTree = "<group>"; };
		2F42E9D1236BDB820036B7B5 /* QiitaRepository.swift */ = {isa = PBXFileReference; lastKnownFileType = sourcecode.swift; path = QiitaRepository.swift; sourceTree = "<group>"; };
		2F491F92236C46760090DCB9 /* TableViewUtil.swift */ = {isa = PBXFileReference; lastKnownFileType = sourcecode.swift; path = TableViewUtil.swift; sourceTree = "<group>"; };
		352BC6D8A58D9B9519770857 /* Pods-Qiita_MVVM_Sample.release.xcconfig */ = {isa = PBXFileReference; includeInIndex = 1; lastKnownFileType = text.xcconfig; name = "Pods-Qiita_MVVM_Sample.release.xcconfig"; path = "Target Support Files/Pods-Qiita_MVVM_Sample/Pods-Qiita_MVVM_Sample.release.xcconfig"; sourceTree = "<group>"; };
		44CC96B792C4B471147A40E0 /* Pods-Qiita_MVVM_SampleTests.debug.xcconfig */ = {isa = PBXFileReference; includeInIndex = 1; lastKnownFileType = text.xcconfig; name = "Pods-Qiita_MVVM_SampleTests.debug.xcconfig"; path = "Target Support Files/Pods-Qiita_MVVM_SampleTests/Pods-Qiita_MVVM_SampleTests.debug.xcconfig"; sourceTree = "<group>"; };
		512EF5B2181B2B6E49BB4AF8 /* Pods-Qiita_MVVM_SampleTests.release.xcconfig */ = {isa = PBXFileReference; includeInIndex = 1; lastKnownFileType = text.xcconfig; name = "Pods-Qiita_MVVM_SampleTests.release.xcconfig"; path = "Target Support Files/Pods-Qiita_MVVM_SampleTests/Pods-Qiita_MVVM_SampleTests.release.xcconfig"; sourceTree = "<group>"; };
		899670AA52218871E1B3C249 /* Pods-Qiita_MVVM_SampleUITests.debug.xcconfig */ = {isa = PBXFileReference; includeInIndex = 1; lastKnownFileType = text.xcconfig; name = "Pods-Qiita_MVVM_SampleUITests.debug.xcconfig"; path = "Target Support Files/Pods-Qiita_MVVM_SampleUITests/Pods-Qiita_MVVM_SampleUITests.debug.xcconfig"; sourceTree = "<group>"; };
		B0BC6C672FBB4709269569E0 /* Pods_Qiita_MVVM_Sample.framework */ = {isa = PBXFileReference; explicitFileType = wrapper.framework; includeInIndex = 0; path = Pods_Qiita_MVVM_Sample.framework; sourceTree = BUILT_PRODUCTS_DIR; };
		B77FFD5482B0B1ABE16DC272 /* Pods-Qiita_MVVM_SampleUITests.release.xcconfig */ = {isa = PBXFileReference; includeInIndex = 1; lastKnownFileType = text.xcconfig; name = "Pods-Qiita_MVVM_SampleUITests.release.xcconfig"; path = "Target Support Files/Pods-Qiita_MVVM_SampleUITests/Pods-Qiita_MVVM_SampleUITests.release.xcconfig"; sourceTree = "<group>"; };
		BC2F018EAEF5FA08D44994BD /* Pods_Qiita_MVVM_SampleUITests.framework */ = {isa = PBXFileReference; explicitFileType = wrapper.framework; includeInIndex = 0; path = Pods_Qiita_MVVM_SampleUITests.framework; sourceTree = BUILT_PRODUCTS_DIR; };
		E3735D33BA6F220496DEA248 /* Pods_Qiita_MVVM_SampleTests.framework */ = {isa = PBXFileReference; explicitFileType = wrapper.framework; includeInIndex = 0; path = Pods_Qiita_MVVM_SampleTests.framework; sourceTree = BUILT_PRODUCTS_DIR; };
/* End PBXFileReference section */

/* Begin PBXFrameworksBuildPhase section */
		2F16DEEE236AB8C3009D792D /* Frameworks */ = {
			isa = PBXFrameworksBuildPhase;
			buildActionMask = 2147483647;
			files = (
				36E91BC793EF5F81ED464157 /* Pods_Qiita_MVVM_Sample.framework in Frameworks */,
			);
			runOnlyForDeploymentPostprocessing = 0;
		};
		2F16DF04236AB8C5009D792D /* Frameworks */ = {
			isa = PBXFrameworksBuildPhase;
			buildActionMask = 2147483647;
			files = (
				B018A4500E880C3E52F61C80 /* Pods_Qiita_MVVM_SampleTests.framework in Frameworks */,
			);
			runOnlyForDeploymentPostprocessing = 0;
		};
		2F16DF0F236AB8C5009D792D /* Frameworks */ = {
			isa = PBXFrameworksBuildPhase;
			buildActionMask = 2147483647;
			files = (
				C4F217B6A9DCA6D4CAC7698B /* Pods_Qiita_MVVM_SampleUITests.framework in Frameworks */,
			);
			runOnlyForDeploymentPostprocessing = 0;
		};
/* End PBXFrameworksBuildPhase section */

/* Begin PBXGroup section */
		2F16DEE8236AB8C3009D792D = {
			isa = PBXGroup;
			children = (
				2F16DEF3236AB8C3009D792D /* Qiita_MVVM_Sample */,
				2F16DF0A236AB8C5009D792D /* Qiita_MVVM_SampleTests */,
				2F16DF15236AB8C5009D792D /* Qiita_MVVM_SampleUITests */,
				2F16DEF2236AB8C3009D792D /* Products */,
				39D2C0B23C8F12381A82459F /* Pods */,
				CFE354B331B52B0C3CDDC707 /* Frameworks */,
			);
			sourceTree = "<group>";
		};
		2F16DEF2236AB8C3009D792D /* Products */ = {
			isa = PBXGroup;
			children = (
				2F16DEF1236AB8C3009D792D /* Qiita_MVVM_Sample.app */,
				2F16DF07236AB8C5009D792D /* Qiita_MVVM_SampleTests.xctest */,
				2F16DF12236AB8C5009D792D /* Qiita_MVVM_SampleUITests.xctest */,
			);
			name = Products;
			sourceTree = "<group>";
		};
		2F16DEF3236AB8C3009D792D /* Qiita_MVVM_Sample */ = {
			isa = PBXGroup;
			children = (
				2F16DEF4236AB8C3009D792D /* AppDelegate.swift */,
				2F16DEF6236AB8C3009D792D /* SceneDelegate.swift */,
				2F16DF24236ABC16009D792D /* TopViewController.storyboard */,
				2F16DF26236ABC3E009D792D /* TopViewController.swift */,
				2F16DF29236ABE66009D792D /* TopViewControllerTableViewCell.xib */,
				2F16DF28236ABE66009D792D /* TopViewControllerTableViewCell.swift */,
				2F16DF2C236ABF33009D792D /* ArticleViewController.storyboard */,
				2F42E9CD236BD7BE0036B7B5 /* ArticleViewController.swift */,
				2F42E9D3236BE1910036B7B5 /* API */,
				2F42E9CF236BDAFF0036B7B5 /* ApiResponse.swift */,
				2F491F92236C46760090DCB9 /* TableViewUtil.swift */,
				2F16DEFD236AB8C5009D792D /* Assets.xcassets */,
				2F16DEFF236AB8C5009D792D /* LaunchScreen.storyboard */,
				2F16DF02236AB8C5009D792D /* Info.plist */,
			);
			path = Qiita_MVVM_Sample;
			sourceTree = "<group>";
		};
		2F16DF0A236AB8C5009D792D /* Qiita_MVVM_SampleTests */ = {
			isa = PBXGroup;
			children = (
				2F16DF0B236AB8C5009D792D /* Qiita_MVVM_SampleTests.swift */,
				2F16DF0D236AB8C5009D792D /* Info.plist */,
			);
			path = Qiita_MVVM_SampleTests;
			sourceTree = "<group>";
		};
		2F16DF15236AB8C5009D792D /* Qiita_MVVM_SampleUITests */ = {
			isa = PBXGroup;
			children = (
				2F16DF16236AB8C5009D792D /* Qiita_MVVM_SampleUITests.swift */,
				2F16DF18236AB8C5009D792D /* Info.plist */,
			);
			path = Qiita_MVVM_SampleUITests;
			sourceTree = "<group>";
		};
		2F42E9D3236BE1910036B7B5 /* API */ = {
			isa = PBXGroup;
			children = (
				2F16DF2E236AC25B009D792D /* QiitaApi.swift */,
				2F42E9D1236BDB820036B7B5 /* QiitaRepository.swift */,
			);
			path = API;
			sourceTree = "<group>";
		};
		39D2C0B23C8F12381A82459F /* Pods */ = {
			isa = PBXGroup;
			children = (
				22BCF42829ED235C0B811F45 /* Pods-Qiita_MVVM_Sample.debug.xcconfig */,
				352BC6D8A58D9B9519770857 /* Pods-Qiita_MVVM_Sample.release.xcconfig */,
				44CC96B792C4B471147A40E0 /* Pods-Qiita_MVVM_SampleTests.debug.xcconfig */,
				512EF5B2181B2B6E49BB4AF8 /* Pods-Qiita_MVVM_SampleTests.release.xcconfig */,
				899670AA52218871E1B3C249 /* Pods-Qiita_MVVM_SampleUITests.debug.xcconfig */,
				B77FFD5482B0B1ABE16DC272 /* Pods-Qiita_MVVM_SampleUITests.release.xcconfig */,
			);
			path = Pods;
			sourceTree = "<group>";
		};
		CFE354B331B52B0C3CDDC707 /* Frameworks */ = {
			isa = PBXGroup;
			children = (
				B0BC6C672FBB4709269569E0 /* Pods_Qiita_MVVM_Sample.framework */,
				E3735D33BA6F220496DEA248 /* Pods_Qiita_MVVM_SampleTests.framework */,
				BC2F018EAEF5FA08D44994BD /* Pods_Qiita_MVVM_SampleUITests.framework */,
			);
			name = Frameworks;
			sourceTree = "<group>";
		};
/* End PBXGroup section */

/* Begin PBXNativeTarget section */
		2F16DEF0236AB8C3009D792D /* Qiita_MVVM_Sample */ = {
			isa = PBXNativeTarget;
			buildConfigurationList = 2F16DF1B236AB8C5009D792D /* Build configuration list for PBXNativeTarget "Qiita_MVVM_Sample" */;
			buildPhases = (
				F80945D4F0C6286219B4BDEE /* [CP] Check Pods Manifest.lock */,
				2F16DEED236AB8C3009D792D /* Sources */,
				2F16DEEE236AB8C3009D792D /* Frameworks */,
				2F16DEEF236AB8C3009D792D /* Resources */,
				69C07C400BA15E6A8B636FE2 /* [CP] Embed Pods Frameworks */,
			);
			buildRules = (
			);
			dependencies = (
			);
			name = Qiita_MVVM_Sample;
			productName = Qiita_MVVM_Sample;
			productReference = 2F16DEF1236AB8C3009D792D /* Qiita_MVVM_Sample.app */;
			productType = "com.apple.product-type.application";
		};
		2F16DF06236AB8C5009D792D /* Qiita_MVVM_SampleTests */ = {
			isa = PBXNativeTarget;
			buildConfigurationList = 2F16DF1E236AB8C5009D792D /* Build configuration list for PBXNativeTarget "Qiita_MVVM_SampleTests" */;
			buildPhases = (
				A6182E6365AAD2314A8576CA /* [CP] Check Pods Manifest.lock */,
				2F16DF03236AB8C5009D792D /* Sources */,
				2F16DF04236AB8C5009D792D /* Frameworks */,
				2F16DF05236AB8C5009D792D /* Resources */,
			);
			buildRules = (
			);
			dependencies = (
				2F16DF09236AB8C5009D792D /* PBXTargetDependency */,
			);
			name = Qiita_MVVM_SampleTests;
			productName = Qiita_MVVM_SampleTests;
			productReference = 2F16DF07236AB8C5009D792D /* Qiita_MVVM_SampleTests.xctest */;
			productType = "com.apple.product-type.bundle.unit-test";
		};
		2F16DF11236AB8C5009D792D /* Qiita_MVVM_SampleUITests */ = {
			isa = PBXNativeTarget;
			buildConfigurationList = 2F16DF21236AB8C5009D792D /* Build configuration list for PBXNativeTarget "Qiita_MVVM_SampleUITests" */;
			buildPhases = (
				206FC5B6ECEA0C857FC2FCFA /* [CP] Check Pods Manifest.lock */,
				2F16DF0E236AB8C5009D792D /* Sources */,
				2F16DF0F236AB8C5009D792D /* Frameworks */,
				2F16DF10236AB8C5009D792D /* Resources */,
			);
			buildRules = (
			);
			dependencies = (
				2F16DF14236AB8C5009D792D /* PBXTargetDependency */,
			);
			name = Qiita_MVVM_SampleUITests;
			productName = Qiita_MVVM_SampleUITests;
			productReference = 2F16DF12236AB8C5009D792D /* Qiita_MVVM_SampleUITests.xctest */;
			productType = "com.apple.product-type.bundle.ui-testing";
		};
/* End PBXNativeTarget section */

/* Begin PBXProject section */
		2F16DEE9236AB8C3009D792D /* Project object */ = {
			isa = PBXProject;
			attributes = {
				LastSwiftUpdateCheck = 1110;
				LastUpgradeCheck = 1110;
				ORGANIZATIONNAME = "服部　翼";
				TargetAttributes = {
					2F16DEF0236AB8C3009D792D = {
						CreatedOnToolsVersion = 11.1;
					};
					2F16DF06236AB8C5009D792D = {
						CreatedOnToolsVersion = 11.1;
						TestTargetID = 2F16DEF0236AB8C3009D792D;
					};
					2F16DF11236AB8C5009D792D = {
						CreatedOnToolsVersion = 11.1;
						TestTargetID = 2F16DEF0236AB8C3009D792D;
					};
				};
			};
			buildConfigurationList = 2F16DEEC236AB8C3009D792D /* Build configuration list for PBXProject "Qiita_MVVM_Sample" */;
			compatibilityVersion = "Xcode 9.3";
			developmentRegion = en;
			hasScannedForEncodings = 0;
			knownRegions = (
				en,
				Base,
			);
			mainGroup = 2F16DEE8236AB8C3009D792D;
			productRefGroup = 2F16DEF2236AB8C3009D792D /* Products */;
			projectDirPath = "";
			projectRoot = "";
			targets = (
				2F16DEF0236AB8C3009D792D /* Qiita_MVVM_Sample */,
				2F16DF06236AB8C5009D792D /* Qiita_MVVM_SampleTests */,
				2F16DF11236AB8C5009D792D /* Qiita_MVVM_SampleUITests */,
			);
		};
/* End PBXProject section */

/* Begin PBXResourcesBuildPhase section */
		2F16DEEF236AB8C3009D792D /* Resources */ = {
			isa = PBXResourcesBuildPhase;
			buildActionMask = 2147483647;
			files = (
				2F16DF2B236ABE66009D792D /* TopViewControllerTableViewCell.xib in Resources */,
				2F16DF01236AB8C5009D792D /* LaunchScreen.storyboard in Resources */,
				2F16DF2D236ABF33009D792D /* ArticleViewController.storyboard in Resources */,
				2F16DEFE236AB8C5009D792D /* Assets.xcassets in Resources */,
				2F16DF25236ABC16009D792D /* TopViewController.storyboard in Resources */,
			);
			runOnlyForDeploymentPostprocessing = 0;
		};
		2F16DF05236AB8C5009D792D /* Resources */ = {
			isa = PBXResourcesBuildPhase;
			buildActionMask = 2147483647;
			files = (
			);
			runOnlyForDeploymentPostprocessing = 0;
		};
		2F16DF10236AB8C5009D792D /* Resources */ = {
			isa = PBXResourcesBuildPhase;
			buildActionMask = 2147483647;
			files = (
			);
			runOnlyForDeploymentPostprocessing = 0;
		};
/* End PBXResourcesBuildPhase section */

/* Begin PBXShellScriptBuildPhase section */
		206FC5B6ECEA0C857FC2FCFA /* [CP] Check Pods Manifest.lock */ = {
			isa = PBXShellScriptBuildPhase;
			buildActionMask = 2147483647;
			files = (
			);
			inputFileListPaths = (
			);
			inputPaths = (
				"${PODS_PODFILE_DIR_PATH}/Podfile.lock",
				"${PODS_ROOT}/Manifest.lock",
			);
			name = "[CP] Check Pods Manifest.lock";
			outputFileListPaths = (
			);
			outputPaths = (
				"$(DERIVED_FILE_DIR)/Pods-Qiita_MVVM_SampleUITests-checkManifestLockResult.txt",
			);
			runOnlyForDeploymentPostprocessing = 0;
			shellPath = /bin/sh;
			shellScript = "diff \"${PODS_PODFILE_DIR_PATH}/Podfile.lock\" \"${PODS_ROOT}/Manifest.lock\" > /dev/null\nif [ $? != 0 ] ; then\n    # print error to STDERR\n    echo \"error: The sandbox is not in sync with the Podfile.lock. Run 'pod install' or update your CocoaPods installation.\" >&2\n    exit 1\nfi\n# This output is used by Xcode 'outputs' to avoid re-running this script phase.\necho \"SUCCESS\" > \"${SCRIPT_OUTPUT_FILE_0}\"\n";
			showEnvVarsInLog = 0;
		};
		69C07C400BA15E6A8B636FE2 /* [CP] Embed Pods Frameworks */ = {
			isa = PBXShellScriptBuildPhase;
			buildActionMask = 2147483647;
			files = (
			);
			inputFileListPaths = (
				"${PODS_ROOT}/Target Support Files/Pods-Qiita_MVVM_Sample/Pods-Qiita_MVVM_Sample-frameworks-${CONFIGURATION}-input-files.xcfilelist",
			);
			name = "[CP] Embed Pods Frameworks";
			outputFileListPaths = (
				"${PODS_ROOT}/Target Support Files/Pods-Qiita_MVVM_Sample/Pods-Qiita_MVVM_Sample-frameworks-${CONFIGURATION}-output-files.xcfilelist",
			);
			runOnlyForDeploymentPostprocessing = 0;
			shellPath = /bin/sh;
			shellScript = "\"${PODS_ROOT}/Target Support Files/Pods-Qiita_MVVM_Sample/Pods-Qiita_MVVM_Sample-frameworks.sh\"\n";
			showEnvVarsInLog = 0;
		};
		A6182E6365AAD2314A8576CA /* [CP] Check Pods Manifest.lock */ = {
			isa = PBXShellScriptBuildPhase;
			buildActionMask = 2147483647;
			files = (
			);
			inputFileListPaths = (
			);
			inputPaths = (
				"${PODS_PODFILE_DIR_PATH}/Podfile.lock",
				"${PODS_ROOT}/Manifest.lock",
			);
			name = "[CP] Check Pods Manifest.lock";
			outputFileListPaths = (
			);
			outputPaths = (
				"$(DERIVED_FILE_DIR)/Pods-Qiita_MVVM_SampleTests-checkManifestLockResult.txt",
			);
			runOnlyForDeploymentPostprocessing = 0;
			shellPath = /bin/sh;
			shellScript = "diff \"${PODS_PODFILE_DIR_PATH}/Podfile.lock\" \"${PODS_ROOT}/Manifest.lock\" > /dev/null\nif [ $? != 0 ] ; then\n    # print error to STDERR\n    echo \"error: The sandbox is not in sync with the Podfile.lock. Run 'pod install' or update your CocoaPods installation.\" >&2\n    exit 1\nfi\n# This output is used by Xcode 'outputs' to avoid re-running this script phase.\necho \"SUCCESS\" > \"${SCRIPT_OUTPUT_FILE_0}\"\n";
			showEnvVarsInLog = 0;
		};
		F80945D4F0C6286219B4BDEE /* [CP] Check Pods Manifest.lock */ = {
			isa = PBXShellScriptBuildPhase;
			buildActionMask = 2147483647;
			files = (
			);
			inputFileListPaths = (
			);
			inputPaths = (
				"${PODS_PODFILE_DIR_PATH}/Podfile.lock",
				"${PODS_ROOT}/Manifest.lock",
			);
			name = "[CP] Check Pods Manifest.lock";
			outputFileListPaths = (
			);
			outputPaths = (
				"$(DERIVED_FILE_DIR)/Pods-Qiita_MVVM_Sample-checkManifestLockResult.txt",
			);
			runOnlyForDeploymentPostprocessing = 0;
			shellPath = /bin/sh;
			shellScript = "diff \"${PODS_PODFILE_DIR_PATH}/Podfile.lock\" \"${PODS_ROOT}/Manifest.lock\" > /dev/null\nif [ $? != 0 ] ; then\n    # print error to STDERR\n    echo \"error: The sandbox is not in sync with the Podfile.lock. Run 'pod install' or update your CocoaPods installation.\" >&2\n    exit 1\nfi\n# This output is used by Xcode 'outputs' to avoid re-running this script phase.\necho \"SUCCESS\" > \"${SCRIPT_OUTPUT_FILE_0}\"\n";
			showEnvVarsInLog = 0;
		};
/* End PBXShellScriptBuildPhase section */

/* Begin PBXSourcesBuildPhase section */
		2F16DEED236AB8C3009D792D /* Sources */ = {
			isa = PBXSourcesBuildPhase;
			buildActionMask = 2147483647;
			files = (
				2F491F93236C46760090DCB9 /* TableViewUtil.swift in Sources */,
				2F16DF2A236ABE66009D792D /* TopViewControllerTableViewCell.swift in Sources */,
				2F42E9CE236BD7BE0036B7B5 /* ArticleViewController.swift in Sources */,
				2F16DF27236ABC3E009D792D /* TopViewController.swift in Sources */,
				2F42E9D0236BDAFF0036B7B5 /* ApiResponse.swift in Sources */,
				2F16DF2F236AC25B009D792D /* QiitaApi.swift in Sources */,
				2F42E9D2236BDB820036B7B5 /* QiitaRepository.swift in Sources */,
				2F16DEF5236AB8C3009D792D /* AppDelegate.swift in Sources */,
				2F16DEF7236AB8C3009D792D /* SceneDelegate.swift in Sources */,
			);
			runOnlyForDeploymentPostprocessing = 0;
		};
		2F16DF03236AB8C5009D792D /* Sources */ = {
			isa = PBXSourcesBuildPhase;
			buildActionMask = 2147483647;
			files = (
				2F16DF0C236AB8C5009D792D /* Qiita_MVVM_SampleTests.swift in Sources */,
			);
			runOnlyForDeploymentPostprocessing = 0;
		};
		2F16DF0E236AB8C5009D792D /* Sources */ = {
			isa = PBXSourcesBuildPhase;
			buildActionMask = 2147483647;
			files = (
				2F16DF17236AB8C5009D792D /* Qiita_MVVM_SampleUITests.swift in Sources */,
			);
			runOnlyForDeploymentPostprocessing = 0;
		};
/* End PBXSourcesBuildPhase section */

/* Begin PBXTargetDependency section */
		2F16DF09236AB8C5009D792D /* PBXTargetDependency */ = {
			isa = PBXTargetDependency;
			target = 2F16DEF0236AB8C3009D792D /* Qiita_MVVM_Sample */;
			targetProxy = 2F16DF08236AB8C5009D792D /* PBXContainerItemProxy */;
		};
		2F16DF14236AB8C5009D792D /* PBXTargetDependency */ = {
			isa = PBXTargetDependency;
			target = 2F16DEF0236AB8C3009D792D /* Qiita_MVVM_Sample */;
			targetProxy = 2F16DF13236AB8C5009D792D /* PBXContainerItemProxy */;
		};
/* End PBXTargetDependency section */

/* Begin PBXVariantGroup section */
		2F16DEFF236AB8C5009D792D /* LaunchScreen.storyboard */ = {
			isa = PBXVariantGroup;
			children = (
				2F16DF00236AB8C5009D792D /* Base */,
			);
			name = LaunchScreen.storyboard;
			sourceTree = "<group>";
		};
/* End PBXVariantGroup section */

/* Begin XCBuildConfiguration section */
		2F16DF19236AB8C5009D792D /* Debug */ = {
			isa = XCBuildConfiguration;
			buildSettings = {
				ALWAYS_SEARCH_USER_PATHS = NO;
				CLANG_ANALYZER_NONNULL = YES;
				CLANG_ANALYZER_NUMBER_OBJECT_CONVERSION = YES_AGGRESSIVE;
				CLANG_CXX_LANGUAGE_STANDARD = "gnu++14";
				CLANG_CXX_LIBRARY = "libc++";
				CLANG_ENABLE_MODULES = YES;
				CLANG_ENABLE_OBJC_ARC = YES;
				CLANG_ENABLE_OBJC_WEAK = YES;
				CLANG_WARN_BLOCK_CAPTURE_AUTORELEASING = YES;
				CLANG_WARN_BOOL_CONVERSION = YES;
				CLANG_WARN_COMMA = YES;
				CLANG_WARN_CONSTANT_CONVERSION = YES;
				CLANG_WARN_DEPRECATED_OBJC_IMPLEMENTATIONS = YES;
				CLANG_WARN_DIRECT_OBJC_ISA_USAGE = YES_ERROR;
				CLANG_WARN_DOCUMENTATION_COMMENTS = YES;
				CLANG_WARN_EMPTY_BODY = YES;
				CLANG_WARN_ENUM_CONVERSION = YES;
				CLANG_WARN_INFINITE_RECURSION = YES;
				CLANG_WARN_INT_CONVERSION = YES;
				CLANG_WARN_NON_LITERAL_NULL_CONVERSION = YES;
				CLANG_WARN_OBJC_IMPLICIT_RETAIN_SELF = YES;
				CLANG_WARN_OBJC_LITERAL_CONVERSION = YES;
				CLANG_WARN_OBJC_ROOT_CLASS = YES_ERROR;
				CLANG_WARN_RANGE_LOOP_ANALYSIS = YES;
				CLANG_WARN_STRICT_PROTOTYPES = YES;
				CLANG_WARN_SUSPICIOUS_MOVE = YES;
				CLANG_WARN_UNGUARDED_AVAILABILITY = YES_AGGRESSIVE;
				CLANG_WARN_UNREACHABLE_CODE = YES;
				CLANG_WARN__DUPLICATE_METHOD_MATCH = YES;
				COPY_PHASE_STRIP = NO;
				DEBUG_INFORMATION_FORMAT = dwarf;
				ENABLE_STRICT_OBJC_MSGSEND = YES;
				ENABLE_TESTABILITY = YES;
				GCC_C_LANGUAGE_STANDARD = gnu11;
				GCC_DYNAMIC_NO_PIC = NO;
				GCC_NO_COMMON_BLOCKS = YES;
				GCC_OPTIMIZATION_LEVEL = 0;
				GCC_PREPROCESSOR_DEFINITIONS = (
					"DEBUG=1",
					"$(inherited)",
				);
				GCC_WARN_64_TO_32_BIT_CONVERSION = YES;
				GCC_WARN_ABOUT_RETURN_TYPE = YES_ERROR;
				GCC_WARN_UNDECLARED_SELECTOR = YES;
				GCC_WARN_UNINITIALIZED_AUTOS = YES_AGGRESSIVE;
				GCC_WARN_UNUSED_FUNCTION = YES;
				GCC_WARN_UNUSED_VARIABLE = YES;
				IPHONEOS_DEPLOYMENT_TARGET = 13.1;
				MTL_ENABLE_DEBUG_INFO = INCLUDE_SOURCE;
				MTL_FAST_MATH = YES;
				ONLY_ACTIVE_ARCH = YES;
				SDKROOT = iphoneos;
				SWIFT_ACTIVE_COMPILATION_CONDITIONS = DEBUG;
				SWIFT_OPTIMIZATION_LEVEL = "-Onone";
			};
			name = Debug;
		};
		2F16DF1A236AB8C5009D792D /* Release */ = {
			isa = XCBuildConfiguration;
			buildSettings = {
				ALWAYS_SEARCH_USER_PATHS = NO;
				CLANG_ANALYZER_NONNULL = YES;
				CLANG_ANALYZER_NUMBER_OBJECT_CONVERSION = YES_AGGRESSIVE;
				CLANG_CXX_LANGUAGE_STANDARD = "gnu++14";
				CLANG_CXX_LIBRARY = "libc++";
				CLANG_ENABLE_MODULES = YES;
				CLANG_ENABLE_OBJC_ARC = YES;
				CLANG_ENABLE_OBJC_WEAK = YES;
				CLANG_WARN_BLOCK_CAPTURE_AUTORELEASING = YES;
				CLANG_WARN_BOOL_CONVERSION = YES;
				CLANG_WARN_COMMA = YES;
				CLANG_WARN_CONSTANT_CONVERSION = YES;
				CLANG_WARN_DEPRECATED_OBJC_IMPLEMENTATIONS = YES;
				CLANG_WARN_DIRECT_OBJC_ISA_USAGE = YES_ERROR;
				CLANG_WARN_DOCUMENTATION_COMMENTS = YES;
				CLANG_WARN_EMPTY_BODY = YES;
				CLANG_WARN_ENUM_CONVERSION = YES;
				CLANG_WARN_INFINITE_RECURSION = YES;
				CLANG_WARN_INT_CONVERSION = YES;
				CLANG_WARN_NON_LITERAL_NULL_CONVERSION = YES;
				CLANG_WARN_OBJC_IMPLICIT_RETAIN_SELF = YES;
				CLANG_WARN_OBJC_LITERAL_CONVERSION = YES;
				CLANG_WARN_OBJC_ROOT_CLASS = YES_ERROR;
				CLANG_WARN_RANGE_LOOP_ANALYSIS = YES;
				CLANG_WARN_STRICT_PROTOTYPES = YES;
				CLANG_WARN_SUSPICIOUS_MOVE = YES;
				CLANG_WARN_UNGUARDED_AVAILABILITY = YES_AGGRESSIVE;
				CLANG_WARN_UNREACHABLE_CODE = YES;
				CLANG_WARN__DUPLICATE_METHOD_MATCH = YES;
				COPY_PHASE_STRIP = NO;
				DEBUG_INFORMATION_FORMAT = "dwarf-with-dsym";
				ENABLE_NS_ASSERTIONS = NO;
				ENABLE_STRICT_OBJC_MSGSEND = YES;
				GCC_C_LANGUAGE_STANDARD = gnu11;
				GCC_NO_COMMON_BLOCKS = YES;
				GCC_WARN_64_TO_32_BIT_CONVERSION = YES;
				GCC_WARN_ABOUT_RETURN_TYPE = YES_ERROR;
				GCC_WARN_UNDECLARED_SELECTOR = YES;
				GCC_WARN_UNINITIALIZED_AUTOS = YES_AGGRESSIVE;
				GCC_WARN_UNUSED_FUNCTION = YES;
				GCC_WARN_UNUSED_VARIABLE = YES;
				IPHONEOS_DEPLOYMENT_TARGET = 13.1;
				MTL_ENABLE_DEBUG_INFO = NO;
				MTL_FAST_MATH = YES;
				SDKROOT = iphoneos;
				SWIFT_COMPILATION_MODE = wholemodule;
				SWIFT_OPTIMIZATION_LEVEL = "-O";
				VALIDATE_PRODUCT = YES;
			};
			name = Release;
		};
		2F16DF1C236AB8C5009D792D /* Debug */ = {
			isa = XCBuildConfiguration;
			baseConfigurationReference = 22BCF42829ED235C0B811F45 /* Pods-Qiita_MVVM_Sample.debug.xcconfig */;
			buildSettings = {
				ASSETCATALOG_COMPILER_APPICON_NAME = AppIcon;
				CODE_SIGN_STYLE = Manual;
				DEVELOPMENT_TEAM = "";
				INFOPLIST_FILE = Qiita_MVVM_Sample/Info.plist;
				LD_RUNPATH_SEARCH_PATHS = (
					"$(inherited)",
					"@executable_path/Frameworks",
				);
				PRODUCT_BUNDLE_IDENTIFIER = "test.Qiita-MVVM-Sample";
				PRODUCT_NAME = "$(TARGET_NAME)";
				PROVISIONING_PROFILE_SPECIFIER = "";
				SWIFT_VERSION = 5.0;
				TARGETED_DEVICE_FAMILY = "1,2";
			};
			name = Debug;
		};
		2F16DF1D236AB8C5009D792D /* Release */ = {
			isa = XCBuildConfiguration;
			baseConfigurationReference = 352BC6D8A58D9B9519770857 /* Pods-Qiita_MVVM_Sample.release.xcconfig */;
			buildSettings = {
				ASSETCATALOG_COMPILER_APPICON_NAME = AppIcon;
				CODE_SIGN_STYLE = Manual;
				DEVELOPMENT_TEAM = "";
				INFOPLIST_FILE = Qiita_MVVM_Sample/Info.plist;
				LD_RUNPATH_SEARCH_PATHS = (
					"$(inherited)",
					"@executable_path/Frameworks",
				);
				PRODUCT_BUNDLE_IDENTIFIER = "test.Qiita-MVVM-Sample";
				PRODUCT_NAME = "$(TARGET_NAME)";
				PROVISIONING_PROFILE_SPECIFIER = "";
				SWIFT_VERSION = 5.0;
				TARGETED_DEVICE_FAMILY = "1,2";
			};
			name = Release;
		};
		2F16DF1F236AB8C5009D792D /* Debug */ = {
			isa = XCBuildConfiguration;
			baseConfigurationReference = 44CC96B792C4B471147A40E0 /* Pods-Qiita_MVVM_SampleTests.debug.xcconfig */;
			buildSettings = {
				ALWAYS_EMBED_SWIFT_STANDARD_LIBRARIES = YES;
				BUNDLE_LOADER = "$(TEST_HOST)";
				CODE_SIGN_STYLE = Automatic;
				INFOPLIST_FILE = Qiita_MVVM_SampleTests/Info.plist;
				IPHONEOS_DEPLOYMENT_TARGET = 13.1;
				LD_RUNPATH_SEARCH_PATHS = (
					"$(inherited)",
					"@executable_path/Frameworks",
					"@loader_path/Frameworks",
				);
				PRODUCT_BUNDLE_IDENTIFIER = "test.Qiita-MVVM-SampleTests";
				PRODUCT_NAME = "$(TARGET_NAME)";
				SWIFT_VERSION = 5.0;
				TARGETED_DEVICE_FAMILY = "1,2";
				TEST_HOST = "$(BUILT_PRODUCTS_DIR)/Qiita_MVVM_Sample.app/Qiita_MVVM_Sample";
			};
			name = Debug;
		};
		2F16DF20236AB8C5009D792D /* Release */ = {
			isa = XCBuildConfiguration;
			baseConfigurationReference = 512EF5B2181B2B6E49BB4AF8 /* Pods-Qiita_MVVM_SampleTests.release.xcconfig */;
			buildSettings = {
				ALWAYS_EMBED_SWIFT_STANDARD_LIBRARIES = YES;
				BUNDLE_LOADER = "$(TEST_HOST)";
				CODE_SIGN_STYLE = Automatic;
				INFOPLIST_FILE = Qiita_MVVM_SampleTests/Info.plist;
				IPHONEOS_DEPLOYMENT_TARGET = 13.1;
				LD_RUNPATH_SEARCH_PATHS = (
					"$(inherited)",
					"@executable_path/Frameworks",
					"@loader_path/Frameworks",
				);
				PRODUCT_BUNDLE_IDENTIFIER = "test.Qiita-MVVM-SampleTests";
				PRODUCT_NAME = "$(TARGET_NAME)";
				SWIFT_VERSION = 5.0;
				TARGETED_DEVICE_FAMILY = "1,2";
				TEST_HOST = "$(BUILT_PRODUCTS_DIR)/Qiita_MVVM_Sample.app/Qiita_MVVM_Sample";
			};
			name = Release;
		};
		2F16DF22236AB8C5009D792D /* Debug */ = {
			isa = XCBuildConfiguration;
			baseConfigurationReference = 899670AA52218871E1B3C249 /* Pods-Qiita_MVVM_SampleUITests.debug.xcconfig */;
			buildSettings = {
				ALWAYS_EMBED_SWIFT_STANDARD_LIBRARIES = YES;
				CODE_SIGN_STYLE = Automatic;
				INFOPLIST_FILE = Qiita_MVVM_SampleUITests/Info.plist;
				LD_RUNPATH_SEARCH_PATHS = (
					"$(inherited)",
					"@executable_path/Frameworks",
					"@loader_path/Frameworks",
				);
				PRODUCT_BUNDLE_IDENTIFIER = "test.Qiita-MVVM-SampleUITests";
				PRODUCT_NAME = "$(TARGET_NAME)";
				SWIFT_VERSION = 5.0;
				TARGETED_DEVICE_FAMILY = "1,2";
				TEST_TARGET_NAME = Qiita_MVVM_Sample;
			};
			name = Debug;
		};
		2F16DF23236AB8C5009D792D /* Release */ = {
			isa = XCBuildConfiguration;
			baseConfigurationReference = B77FFD5482B0B1ABE16DC272 /* Pods-Qiita_MVVM_SampleUITests.release.xcconfig */;
			buildSettings = {
				ALWAYS_EMBED_SWIFT_STANDARD_LIBRARIES = YES;
				CODE_SIGN_STYLE = Automatic;
				INFOPLIST_FILE = Qiita_MVVM_SampleUITests/Info.plist;
				LD_RUNPATH_SEARCH_PATHS = (
					"$(inherited)",
					"@executable_path/Frameworks",
					"@loader_path/Frameworks",
				);
				PRODUCT_BUNDLE_IDENTIFIER = "test.Qiita-MVVM-SampleUITests";
				PRODUCT_NAME = "$(TARGET_NAME)";
				SWIFT_VERSION = 5.0;
				TARGETED_DEVICE_FAMILY = "1,2";
				TEST_TARGET_NAME = Qiita_MVVM_Sample;
			};
			name = Release;
		};
/* End XCBuildConfiguration section */

/* Begin XCConfigurationList section */
		2F16DEEC236AB8C3009D792D /* Build configuration list for PBXProject "Qiita_MVVM_Sample" */ = {
			isa = XCConfigurationList;
			buildConfigurations = (
				2F16DF19236AB8C5009D792D /* Debug */,
				2F16DF1A236AB8C5009D792D /* Release */,
			);
			defaultConfigurationIsVisible = 0;
			defaultConfigurationName = Release;
		};
		2F16DF1B236AB8C5009D792D /* Build configuration list for PBXNativeTarget "Qiita_MVVM_Sample" */ = {
			isa = XCConfigurationList;
			buildConfigurations = (
				2F16DF1C236AB8C5009D792D /* Debug */,
				2F16DF1D236AB8C5009D792D /* Release */,
			);
			defaultConfigurationIsVisible = 0;
			defaultConfigurationName = Release;
		};
		2F16DF1E236AB8C5009D792D /* Build configuration list for PBXNativeTarget "Qiita_MVVM_SampleTests" */ = {
			isa = XCConfigurationList;
			buildConfigurations = (
				2F16DF1F236AB8C5009D792D /* Debug */,
				2F16DF20236AB8C5009D792D /* Release */,
			);
			defaultConfigurationIsVisible = 0;
			defaultConfigurationName = Release;
		};
		2F16DF21236AB8C5009D792D /* Build configuration list for PBXNativeTarget "Qiita_MVVM_SampleUITests" */ = {
			isa = XCConfigurationList;
			buildConfigurations = (
				2F16DF22236AB8C5009D792D /* Debug */,
				2F16DF23236AB8C5009D792D /* Release */,
			);
			defaultConfigurationIsVisible = 0;
			defaultConfigurationName = Release;
		};
/* End XCConfigurationList section */
	};
	rootObject = 2F16DEE9236AB8C3009D792D /* Project object */;
}
